
Microsoft Visual Studio Solution File, Format Version 12.00
# Visual Studio Version 17
VisualStudioVersion = 17.4.33122.133
MinimumVisualStudioVersion = 10.0.40219.1
Project("{FAE04EC0-301F-11D3-BF4B-00C04F79EFBC}") = "MyClasses", "MyClasses\MyClasses.csproj", "{08D53331-582D-4742-A4F5-FC44E3E07B34}"
EndProject
Project("{FAE04EC0-301F-11D3-BF4B-00C04F79EFBC}") = "MyClassesTest", "MyClassesTest\MyClassesTest.csproj", "{72083EFE-B9F2-480D-AAAA-F6D721C8A6E8}"
EndProject
Global
	GlobalSection(SolutionConfigurationPlatforms) = preSolution
		Debug|Any CPU = Debug|Any CPU
		Release|Any CPU = Release|Any CPU
	EndGlobalSection
	GlobalSection(ProjectConfigurationPlatforms) = postSolution
		{08D53331-582D-4742-A4F5-FC44E3E07B34}.Debug|Any CPU.ActiveCfg = Debug|Any CPU
		{08D53331-582D-4742-A4F5-FC44E3E07B34}.Debug|Any CPU.Build.0 = Debug|Any CPU
		{08D53331-582D-4742-A4F5-FC44E3E07B34}.Release|Any CPU.ActiveCfg = Release|Any CPU
		{08D53331-582D-4742-A4F5-FC44E3E07B34}.Release|Any CPU.Build.0 = Release|Any CPU
		{72083EFE-B9F2-480D-AAAA-F6D721C8A6E8}.Debug|Any CPU.ActiveCfg = Debug|Any CPU
		{72083EFE-B9F2-480D-AAAA-F6D721C8A6E8}.Debug|Any CPU.Build.0 = Debug|Any CPU
		{72083EFE-B9F2-480D-AAAA-F6D721C8A6E8}.Release|Any CPU.ActiveCfg = Release|Any CPU
		{72083EFE-B9F2-480D-AAAA-F6D721C8A6E8}.Release|Any CPU.Build.0 = Release|Any CPU
	EndGlobalSection
	GlobalSection(SolutionProperties) = preSolution
		HideSolutionNode = FALSE
	EndGlobalSection
	GlobalSection(ExtensibilityGlobals) = postSolution
		SolutionGuid = {CBE2772D-5946-4C0F-9E1E-588F8EE9003A}
	EndGlobalSection
EndGlobal
